
Microsoft Visual Studio Solution File, Format Version 12.00
# Visual Studio Version 16
VisualStudioVersion = 16.0.32228.343
MinimumVisualStudioVersion = 10.0.40219.1
Project("{FAE04EC0-301F-11D3-BF4B-00C04F79EFBC}") = "GJP-IMIS", "GJP-IMIS.csproj", "{CF4FCA34-FEB1-4259-938A-171F3D9A21D3}"
EndProject
Global
	GlobalSection(SolutionConfigurationPlatforms) = preSolution
		Debug|Any CPU = Debug|Any CPU
		Release|Any CPU = Release|Any CPU
	EndGlobalSection
	GlobalSection(ProjectConfigurationPlatforms) = postSolution
		{CF4FCA34-FEB1-4259-938A-171F3D9A21D3}.Debug|Any CPU.ActiveCfg = Debug|Any CPU
		{CF4FCA34-FEB1-4259-938A-171F3D9A21D3}.Debug|Any CPU.Build.0 = Debug|Any CPU
		{CF4FCA34-FEB1-4259-938A-171F3D9A21D3}.Release|Any CPU.ActiveCfg = Release|Any CPU
		{CF4FCA34-FEB1-4259-938A-171F3D9A21D3}.Release|Any CPU.Build.0 = Release|Any CPU
	EndGlobalSection
	GlobalSection(SolutionProperties) = preSolution
		HideSolutionNode = FALSE
	EndGlobalSection
	GlobalSection(ExtensibilityGlobals) = postSolution
		SolutionGuid = {3027CDF3-E1BA-4E84-8CCB-291639A07997}
	EndGlobalSection
EndGlobal
